
Microsoft Visual Studio Solution File, Format Version 12.00
# Visual Studio Version 16
VisualStudioVersion = 16.0.29025.244
MinimumVisualStudioVersion = 10.0.40219.1
Project("{FAE04EC0-301F-11D3-BF4B-00C04F79EFBC}") = "EditorDeTexto", "EditorDeTexto\EditorDeTexto.csproj", "{B2EC7E48-D37B-4D95-8066-592822BB8B8B}"
EndProject
Global
	GlobalSection(SolutionConfigurationPlatforms) = preSolution
		Debug|Any CPU = Debug|Any CPU
		Release|Any CPU = Release|Any CPU
	EndGlobalSection
	GlobalSection(ProjectConfigurationPlatforms) = postSolution
		{B2EC7E48-D37B-4D95-8066-592822BB8B8B}.Debug|Any CPU.ActiveCfg = Debug|Any CPU
		{B2EC7E48-D37B-4D95-8066-592822BB8B8B}.Debug|Any CPU.Build.0 = Debug|Any CPU
		{B2EC7E48-D37B-4D95-8066-592822BB8B8B}.Release|Any CPU.ActiveCfg = Release|Any CPU
		{B2EC7E48-D37B-4D95-8066-592822BB8B8B}.Release|Any CPU.Build.0 = Release|Any CPU
	EndGlobalSection
	GlobalSection(SolutionProperties) = preSolution
		HideSolutionNode = FALSE
	EndGlobalSection
	GlobalSection(ExtensibilityGlobals) = postSolution
		SolutionGuid = {3E0D25C6-39BE-4978-9887-66F6AE4BCB8E}
	EndGlobalSection
EndGlobal
